// !$*UTF8*$!
{
	archiveVersion = 1;
	classes = {
	};
	objectVersion = 56;
	objects = {

/* Begin PBXBuildFile section */
		F08714E52BE2372F0049067C /* FirebaseAnalytics in Frameworks */ = {isa = PBXBuildFile; productRef = F08714E42BE2372F0049067C /* FirebaseAnalytics */; };
		F08714E72BE2372F0049067C /* FirebaseAnalyticsOnDeviceConversion in Frameworks */ = {isa = PBXBuildFile; productRef = F08714E62BE2372F0049067C /* FirebaseAnalyticsOnDeviceConversion */; };
		F08714E92BE2372F0049067C /* FirebaseAnalyticsSwift in Frameworks */ = {isa = PBXBuildFile; productRef = F08714E82BE2372F0049067C /* FirebaseAnalyticsSwift */; };
		F08714EB2BE2372F0049067C /* FirebaseAnalyticsWithoutAdIdSupport in Frameworks */ = {isa = PBXBuildFile; productRef = F08714EA2BE2372F0049067C /* FirebaseAnalyticsWithoutAdIdSupport */; };
		F08714ED2BE2372F0049067C /* FirebaseAppCheck in Frameworks */ = {isa = PBXBuildFile; productRef = F08714EC2BE2372F0049067C /* FirebaseAppCheck */; };
		F08714EF2BE2372F0049067C /* FirebaseAppDistribution-Beta in Frameworks */ = {isa = PBXBuildFile; productRef = F08714EE2BE2372F0049067C /* FirebaseAppDistribution-Beta */; };
		F08714F12BE2372F0049067C /* FirebaseAuth in Frameworks */ = {isa = PBXBuildFile; productRef = F08714F02BE2372F0049067C /* FirebaseAuth */; };
		F08714F32BE2372F0049067C /* FirebaseAuthCombine-Community in Frameworks */ = {isa = PBXBuildFile; productRef = F08714F22BE2372F0049067C /* FirebaseAuthCombine-Community */; };
		F08714F52BE2372F0049067C /* FirebaseCrashlytics in Frameworks */ = {isa = PBXBuildFile; productRef = F08714F42BE2372F0049067C /* FirebaseCrashlytics */; };
		F08714F72BE2372F0049067C /* FirebaseDatabase in Frameworks */ = {isa = PBXBuildFile; productRef = F08714F62BE2372F0049067C /* FirebaseDatabase */; };
		F08714F92BE2372F0049067C /* FirebaseDatabaseSwift in Frameworks */ = {isa = PBXBuildFile; productRef = F08714F82BE2372F0049067C /* FirebaseDatabaseSwift */; };
		F08714FB2BE238100049067C /* HomeView.swift in Sources */ = {isa = PBXBuildFile; fileRef = F08714FA2BE238100049067C /* HomeView.swift */; };
		F0E5A0032BE22C2900E9A3CE /* FirebaseAppleSignInApp.swift in Sources */ = {isa = PBXBuildFile; fileRef = F0E5A0022BE22C2900E9A3CE /* FirebaseAppleSignInApp.swift */; };
		F0E5A0052BE22C2900E9A3CE /* ContentView.swift in Sources */ = {isa = PBXBuildFile; fileRef = F0E5A0042BE22C2900E9A3CE /* ContentView.swift */; };
		F0E5A0072BE22C2900E9A3CE /* Assets.xcassets in Resources */ = {isa = PBXBuildFile; fileRef = F0E5A0062BE22C2900E9A3CE /* Assets.xcassets */; };
		F0E5A00A2BE22C2900E9A3CE /* Preview Assets.xcassets in Resources */ = {isa = PBXBuildFile; fileRef = F0E5A0092BE22C2900E9A3CE /* Preview Assets.xcassets */; };
		F0E5A0122BE22C9300E9A3CE /* FirebaseAnalytics in Frameworks */ = {isa = PBXBuildFile; productRef = F0E5A0112BE22C9300E9A3CE /* FirebaseAnalytics */; };
		F0E5A0142BE22C9300E9A3CE /* FirebaseAnalyticsOnDeviceConversion in Frameworks */ = {isa = PBXBuildFile; productRef = F0E5A0132BE22C9300E9A3CE /* FirebaseAnalyticsOnDeviceConversion */; };
		F0E5A0162BE22C9300E9A3CE /* FirebaseAnalyticsSwift in Frameworks */ = {isa = PBXBuildFile; productRef = F0E5A0152BE22C9300E9A3CE /* FirebaseAnalyticsSwift */; };
		F0E5A0182BE22C9300E9A3CE /* FirebaseAnalyticsWithoutAdIdSupport in Frameworks */ = {isa = PBXBuildFile; productRef = F0E5A0172BE22C9300E9A3CE /* FirebaseAnalyticsWithoutAdIdSupport */; };
		F0E5A01A2BE22C9300E9A3CE /* FirebaseAppCheck in Frameworks */ = {isa = PBXBuildFile; productRef = F0E5A0192BE22C9300E9A3CE /* FirebaseAppCheck */; };
		F0E5A01D2BE22CE300E9A3CE /* GoogleService-Info.plist in Resources */ = {isa = PBXBuildFile; fileRef = F0E5A01C2BE22CE300E9A3CE /* GoogleService-Info.plist */; };
		F0E5A0202BE22D0D00E9A3CE /* LoginView.swift in Sources */ = {isa = PBXBuildFile; fileRef = F0E5A01F2BE22D0D00E9A3CE /* LoginView.swift */; };
/* End PBXBuildFile section */

/* Begin PBXFileReference section */
		F08714FA2BE238100049067C /* HomeView.swift */ = {isa = PBXFileReference; lastKnownFileType = sourcecode.swift; path = HomeView.swift; sourceTree = "<group>"; };
		F0E59FFF2BE22C2900E9A3CE /* FirebaseAppleSignIn.app */ = {isa = PBXFileReference; explicitFileType = wrapper.application; includeInIndex = 0; path = FirebaseAppleSignIn.app; sourceTree = BUILT_PRODUCTS_DIR; };
		F0E5A0022BE22C2900E9A3CE /* FirebaseAppleSignInApp.swift */ = {isa = PBXFileReference; lastKnownFileType = sourcecode.swift; path = FirebaseAppleSignInApp.swift; sourceTree = "<group>"; };
		F0E5A0042BE22C2900E9A3CE /* ContentView.swift */ = {isa = PBXFileReference; lastKnownFileType = sourcecode.swift; path = ContentView.swift; sourceTree = "<group>"; };
		F0E5A0062BE22C2900E9A3CE /* Assets.xcassets */ = {isa = PBXFileReference; lastKnownFileType = folder.assetcatalog; path = Assets.xcassets; sourceTree = "<group>"; };
		F0E5A0092BE22C2900E9A3CE /* Preview Assets.xcassets */ = {isa = PBXFileReference; lastKnownFileType = folder.assetcatalog; path = "Preview Assets.xcassets"; sourceTree = "<group>"; };
		F0E5A01B2BE22C9D00E9A3CE /* FirebaseAppleSignIn.entitlements */ = {isa = PBXFileReference; lastKnownFileType = text.plist.entitlements; path = FirebaseAppleSignIn.entitlements; sourceTree = "<group>"; };
		F0E5A01C2BE22CE300E9A3CE /* GoogleService-Info.plist */ = {isa = PBXFileReference; fileEncoding = 4; lastKnownFileType = text.plist.xml; path = "GoogleService-Info.plist"; sourceTree = "<group>"; };
		F0E5A01F2BE22D0D00E9A3CE /* LoginView.swift */ = {isa = PBXFileReference; lastKnownFileType = sourcecode.swift; path = LoginView.swift; sourceTree = "<group>"; };
/* End PBXFileReference section */

/* Begin PBXFrameworksBuildPhase section */
		F0E59FFC2BE22C2900E9A3CE /* Frameworks */ = {
			isa = PBXFrameworksBuildPhase;
			buildActionMask = 2147483647;
			files = (
				F08714F72BE2372F0049067C /* FirebaseDatabase in Frameworks */,
				F0E5A0162BE22C9300E9A3CE /* FirebaseAnalyticsSwift in Frameworks */,
				F0E5A0122BE22C9300E9A3CE /* FirebaseAnalytics in Frameworks */,
				F08714E52BE2372F0049067C /* FirebaseAnalytics in Frameworks */,
				F08714F52BE2372F0049067C /* FirebaseCrashlytics in Frameworks */,
				F08714E72BE2372F0049067C /* FirebaseAnalyticsOnDeviceConversion in Frameworks */,
				F08714F32BE2372F0049067C /* FirebaseAuthCombine-Community in Frameworks */,
				F08714E92BE2372F0049067C /* FirebaseAnalyticsSwift in Frameworks */,
				F08714F92BE2372F0049067C /* FirebaseDatabaseSwift in Frameworks */,
				F0E5A0142BE22C9300E9A3CE /* FirebaseAnalyticsOnDeviceConversion in Frameworks */,
				F0E5A01A2BE22C9300E9A3CE /* FirebaseAppCheck in Frameworks */,
				F08714F12BE2372F0049067C /* FirebaseAuth in Frameworks */,
				F08714EB2BE2372F0049067C /* FirebaseAnalyticsWithoutAdIdSupport in Frameworks */,
				F08714ED2BE2372F0049067C /* FirebaseAppCheck in Frameworks */,
				F08714EF2BE2372F0049067C /* FirebaseAppDistribution-Beta in Frameworks */,
				F0E5A0182BE22C9300E9A3CE /* FirebaseAnalyticsWithoutAdIdSupport in Frameworks */,
			);
			runOnlyForDeploymentPostprocessing = 0;
		};
/* End PBXFrameworksBuildPhase section */

/* Begin PBXGroup section */
		F0E59FF62BE22C2900E9A3CE = {
			isa = PBXGroup;
			children = (
				F0E5A0012BE22C2900E9A3CE /* FirebaseAppleSignIn */,
				F0E5A0002BE22C2900E9A3CE /* Products */,
			);
			sourceTree = "<group>";
		};
		F0E5A0002BE22C2900E9A3CE /* Products */ = {
			isa = PBXGroup;
			children = (
				F0E59FFF2BE22C2900E9A3CE /* FirebaseAppleSignIn.app */,
			);
			name = Products;
			sourceTree = "<group>";
		};
		F0E5A0012BE22C2900E9A3CE /* FirebaseAppleSignIn */ = {
			isa = PBXGroup;
			children = (
				F0E5A01E2BE22CF300E9A3CE /* Views */,
				F0E5A01C2BE22CE300E9A3CE /* GoogleService-Info.plist */,
				F0E5A01B2BE22C9D00E9A3CE /* FirebaseAppleSignIn.entitlements */,
				F0E5A0022BE22C2900E9A3CE /* FirebaseAppleSignInApp.swift */,
				F0E5A0042BE22C2900E9A3CE /* ContentView.swift */,
				F0E5A0062BE22C2900E9A3CE /* Assets.xcassets */,
				F0E5A0082BE22C2900E9A3CE /* Preview Content */,
			);
			path = FirebaseAppleSignIn;
			sourceTree = "<group>";
		};
		F0E5A0082BE22C2900E9A3CE /* Preview Content */ = {
			isa = PBXGroup;
			children = (
				F0E5A0092BE22C2900E9A3CE /* Preview Assets.xcassets */,
			);
			path = "Preview Content";
			sourceTree = "<group>";
		};
		F0E5A01E2BE22CF300E9A3CE /* Views */ = {
			isa = PBXGroup;
			children = (
				F0E5A01F2BE22D0D00E9A3CE /* LoginView.swift */,
				F08714FA2BE238100049067C /* HomeView.swift */,
			);
			path = Views;
			sourceTree = "<group>";
		};
/* End PBXGroup section */

/* Begin PBXNativeTarget section */
		F0E59FFE2BE22C2900E9A3CE /* FirebaseAppleSignIn */ = {
			isa = PBXNativeTarget;
			buildConfigurationList = F0E5A00D2BE22C2900E9A3CE /* Build configuration list for PBXNativeTarget "FirebaseAppleSignIn" */;
			buildPhases = (
				F0E59FFB2BE22C2900E9A3CE /* Sources */,
				F0E59FFC2BE22C2900E9A3CE /* Frameworks */,
				F0E59FFD2BE22C2900E9A3CE /* Resources */,
			);
			buildRules = (
			);
			dependencies = (
			);
			name = FirebaseAppleSignIn;
			packageProductDependencies = (
				F0E5A0112BE22C9300E9A3CE /* FirebaseAnalytics */,
				F0E5A0132BE22C9300E9A3CE /* FirebaseAnalyticsOnDeviceConversion */,
				F0E5A0152BE22C9300E9A3CE /* FirebaseAnalyticsSwift */,
				F0E5A0172BE22C9300E9A3CE /* FirebaseAnalyticsWithoutAdIdSupport */,
				F0E5A0192BE22C9300E9A3CE /* FirebaseAppCheck */,
				F08714E42BE2372F0049067C /* FirebaseAnalytics */,
				F08714E62BE2372F0049067C /* FirebaseAnalyticsOnDeviceConversion */,
				F08714E82BE2372F0049067C /* FirebaseAnalyticsSwift */,
				F08714EA2BE2372F0049067C /* FirebaseAnalyticsWithoutAdIdSupport */,
				F08714EC2BE2372F0049067C /* FirebaseAppCheck */,
				F08714EE2BE2372F0049067C /* FirebaseAppDistribution-Beta */,
				F08714F02BE2372F0049067C /* FirebaseAuth */,
				F08714F22BE2372F0049067C /* FirebaseAuthCombine-Community */,
				F08714F42BE2372F0049067C /* FirebaseCrashlytics */,
				F08714F62BE2372F0049067C /* FirebaseDatabase */,
				F08714F82BE2372F0049067C /* FirebaseDatabaseSwift */,
			);
			productName = FirebaseAppleSignIn;
			productReference = F0E59FFF2BE22C2900E9A3CE /* FirebaseAppleSignIn.app */;
			productType = "com.apple.product-type.application";
		};
/* End PBXNativeTarget section */

/* Begin PBXProject section */
		F0E59FF72BE22C2900E9A3CE /* Project object */ = {
			isa = PBXProject;
			attributes = {
				BuildIndependentTargetsInParallel = 1;
				LastSwiftUpdateCheck = 1500;
				LastUpgradeCheck = 1500;
				TargetAttributes = {
					F0E59FFE2BE22C2900E9A3CE = {
						CreatedOnToolsVersion = 15.0;
					};
				};
			};
			buildConfigurationList = F0E59FFA2BE22C2900E9A3CE /* Build configuration list for PBXProject "FirebaseAppleSignIn" */;
			compatibilityVersion = "Xcode 14.0";
			developmentRegion = en;
			hasScannedForEncodings = 0;
			knownRegions = (
				en,
				Base,
			);
			mainGroup = F0E59FF62BE22C2900E9A3CE;
			packageReferences = (
				F0E5A0102BE22C9300E9A3CE /* XCRemoteSwiftPackageReference "firebase-ios-sdk" */,
			);
			productRefGroup = F0E5A0002BE22C2900E9A3CE /* Products */;
			projectDirPath = "";
			projectRoot = "";
			targets = (
				F0E59FFE2BE22C2900E9A3CE /* FirebaseAppleSignIn */,
			);
		};
/* End PBXProject section */

/* Begin PBXResourcesBuildPhase section */
		F0E59FFD2BE22C2900E9A3CE /* Resources */ = {
			isa = PBXResourcesBuildPhase;
			buildActionMask = 2147483647;
			files = (
				F0E5A00A2BE22C2900E9A3CE /* Preview Assets.xcassets in Resources */,
				F0E5A0072BE22C2900E9A3CE /* Assets.xcassets in Resources */,
				F0E5A01D2BE22CE300E9A3CE /* GoogleService-Info.plist in Resources */,
			);
			runOnlyForDeploymentPostprocessing = 0;
		};
/* End PBXResourcesBuildPhase section */

/* Begin PBXSourcesBuildPhase section */
		F0E59FFB2BE22C2900E9A3CE /* Sources */ = {
			isa = PBXSourcesBuildPhase;
			buildActionMask = 2147483647;
			files = (
				F0E5A0202BE22D0D00E9A3CE /* LoginView.swift in Sources */,
				F08714FB2BE238100049067C /* HomeView.swift in Sources */,
				F0E5A0052BE22C2900E9A3CE /* ContentView.swift in Sources */,
				F0E5A0032BE22C2900E9A3CE /* FirebaseAppleSignInApp.swift in Sources */,
			);
			runOnlyForDeploymentPostprocessing = 0;
		};
/* End PBXSourcesBuildPhase section */

/* Begin XCBuildConfiguration section */
		F0E5A00B2BE22C2900E9A3CE /* Debug */ = {
			isa = XCBuildConfiguration;
			buildSettings = {
				ALWAYS_SEARCH_USER_PATHS = NO;
				ASSETCATALOG_COMPILER_GENERATE_SWIFT_ASSET_SYMBOL_EXTENSIONS = YES;
				CLANG_ANALYZER_NONNULL = YES;
				CLANG_ANALYZER_NUMBER_OBJECT_CONVERSION = YES_AGGRESSIVE;
				CLANG_CXX_LANGUAGE_STANDARD = "gnu++20";
				CLANG_ENABLE_MODULES = YES;
				CLANG_ENABLE_OBJC_ARC = YES;
				CLANG_ENABLE_OBJC_WEAK = YES;
				CLANG_WARN_BLOCK_CAPTURE_AUTORELEASING = YES;
				CLANG_WARN_BOOL_CONVERSION = YES;
				CLANG_WARN_COMMA = YES;
				CLANG_WARN_CONSTANT_CONVERSION = YES;
				CLANG_WARN_DEPRECATED_OBJC_IMPLEMENTATIONS = YES;
				CLANG_WARN_DIRECT_OBJC_ISA_USAGE = YES_ERROR;
				CLANG_WARN_DOCUMENTATION_COMMENTS = YES;
				CLANG_WARN_EMPTY_BODY = YES;
				CLANG_WARN_ENUM_CONVERSION = YES;
				CLANG_WARN_INFINITE_RECURSION = YES;
				CLANG_WARN_INT_CONVERSION = YES;
				CLANG_WARN_NON_LITERAL_NULL_CONVERSION = YES;
				CLANG_WARN_OBJC_IMPLICIT_RETAIN_SELF = YES;
				CLANG_WARN_OBJC_LITERAL_CONVERSION = YES;
				CLANG_WARN_OBJC_ROOT_CLASS = YES_ERROR;
				CLANG_WARN_QUOTED_INCLUDE_IN_FRAMEWORK_HEADER = YES;
				CLANG_WARN_RANGE_LOOP_ANALYSIS = YES;
				CLANG_WARN_STRICT_PROTOTYPES = YES;
				CLANG_WARN_SUSPICIOUS_MOVE = YES;
				CLANG_WARN_UNGUARDED_AVAILABILITY = YES_AGGRESSIVE;
				CLANG_WARN_UNREACHABLE_CODE = YES;
				CLANG_WARN__DUPLICATE_METHOD_MATCH = YES;
				COPY_PHASE_STRIP = NO;
				DEBUG_INFORMATION_FORMAT = dwarf;
				ENABLE_STRICT_OBJC_MSGSEND = YES;
				ENABLE_TESTABILITY = YES;
				ENABLE_USER_SCRIPT_SANDBOXING = YES;
				GCC_C_LANGUAGE_STANDARD = gnu17;
				GCC_DYNAMIC_NO_PIC = NO;
				GCC_NO_COMMON_BLOCKS = YES;
				GCC_OPTIMIZATION_LEVEL = 0;
				GCC_PREPROCESSOR_DEFINITIONS = (
					"DEBUG=1",
					"$(inherited)",
				);
				GCC_WARN_64_TO_32_BIT_CONVERSION = YES;
				GCC_WARN_ABOUT_RETURN_TYPE = YES_ERROR;
				GCC_WARN_UNDECLARED_SELECTOR = YES;
				GCC_WARN_UNINITIALIZED_AUTOS = YES_AGGRESSIVE;
				GCC_WARN_UNUSED_FUNCTION = YES;
				GCC_WARN_UNUSED_VARIABLE = YES;
				IPHONEOS_DEPLOYMENT_TARGET = 17.0;
				LOCALIZATION_PREFERS_STRING_CATALOGS = YES;
				MTL_ENABLE_DEBUG_INFO = INCLUDE_SOURCE;
				MTL_FAST_MATH = YES;
				ONLY_ACTIVE_ARCH = YES;
				SDKROOT = iphoneos;
				SWIFT_ACTIVE_COMPILATION_CONDITIONS = "DEBUG $(inherited)";
				SWIFT_OPTIMIZATION_LEVEL = "-Onone";
			};
			name = Debug;
		};
		F0E5A00C2BE22C2900E9A3CE /* Release */ = {
			isa = XCBuildConfiguration;
			buildSettings = {
				ALWAYS_SEARCH_USER_PATHS = NO;
				ASSETCATALOG_COMPILER_GENERATE_SWIFT_ASSET_SYMBOL_EXTENSIONS = YES;
				CLANG_ANALYZER_NONNULL = YES;
				CLANG_ANALYZER_NUMBER_OBJECT_CONVERSION = YES_AGGRESSIVE;
				CLANG_CXX_LANGUAGE_STANDARD = "gnu++20";
				CLANG_ENABLE_MODULES = YES;
				CLANG_ENABLE_OBJC_ARC = YES;
				CLANG_ENABLE_OBJC_WEAK = YES;
				CLANG_WARN_BLOCK_CAPTURE_AUTORELEASING = YES;
				CLANG_WARN_BOOL_CONVERSION = YES;
				CLANG_WARN_COMMA = YES;
				CLANG_WARN_CONSTANT_CONVERSION = YES;
				CLANG_WARN_DEPRECATED_OBJC_IMPLEMENTATIONS = YES;
				CLANG_WARN_DIRECT_OBJC_ISA_USAGE = YES_ERROR;
				CLANG_WARN_DOCUMENTATION_COMMENTS = YES;
				CLANG_WARN_EMPTY_BODY = YES;
				CLANG_WARN_ENUM_CONVERSION = YES;
				CLANG_WARN_INFINITE_RECURSION = YES;
				CLANG_WARN_INT_CONVERSION = YES;
				CLANG_WARN_NON_LITERAL_NULL_CONVERSION = YES;
				CLANG_WARN_OBJC_IMPLICIT_RETAIN_SELF = YES;
				CLANG_WARN_OBJC_LITERAL_CONVERSION = YES;
				CLANG_WARN_OBJC_ROOT_CLASS = YES_ERROR;
				CLANG_WARN_QUOTED_INCLUDE_IN_FRAMEWORK_HEADER = YES;
				CLANG_WARN_RANGE_LOOP_ANALYSIS = YES;
				CLANG_WARN_STRICT_PROTOTYPES = YES;
				CLANG_WARN_SUSPICIOUS_MOVE = YES;
				CLANG_WARN_UNGUARDED_AVAILABILITY = YES_AGGRESSIVE;
				CLANG_WARN_UNREACHABLE_CODE = YES;
				CLANG_WARN__DUPLICATE_METHOD_MATCH = YES;
				COPY_PHASE_STRIP = NO;
				DEBUG_INFORMATION_FORMAT = "dwarf-with-dsym";
				ENABLE_NS_ASSERTIONS = NO;
				ENABLE_STRICT_OBJC_MSGSEND = YES;
				ENABLE_USER_SCRIPT_SANDBOXING = YES;
				GCC_C_LANGUAGE_STANDARD = gnu17;
				GCC_NO_COMMON_BLOCKS = YES;
				GCC_WARN_64_TO_32_BIT_CONVERSION = YES;
				GCC_WARN_ABOUT_RETURN_TYPE = YES_ERROR;
				GCC_WARN_UNDECLARED_SELECTOR = YES;
				GCC_WARN_UNINITIALIZED_AUTOS = YES_AGGRESSIVE;
				GCC_WARN_UNUSED_FUNCTION = YES;
				GCC_WARN_UNUSED_VARIABLE = YES;
				IPHONEOS_DEPLOYMENT_TARGET = 17.0;
				LOCALIZATION_PREFERS_STRING_CATALOGS = YES;
				MTL_ENABLE_DEBUG_INFO = NO;
				MTL_FAST_MATH = YES;
				SDKROOT = iphoneos;
				SWIFT_COMPILATION_MODE = wholemodule;
				VALIDATE_PRODUCT = YES;
			};
			name = Release;
		};
		F0E5A00E2BE22C2900E9A3CE /* Debug */ = {
			isa = XCBuildConfiguration;
			buildSettings = {
				ASSETCATALOG_COMPILER_APPICON_NAME = AppIcon;
				ASSETCATALOG_COMPILER_GLOBAL_ACCENT_COLOR_NAME = AccentColor;
				CODE_SIGN_ENTITLEMENTS = FirebaseAppleSignIn/FirebaseAppleSignIn.entitlements;
				CODE_SIGN_STYLE = Automatic;
				CURRENT_PROJECT_VERSION = 1;
				DEVELOPMENT_ASSET_PATHS = "\"FirebaseAppleSignIn/Preview Content\"";
				DEVELOPMENT_TEAM = 8Z9KCUYRJ4;
				ENABLE_PREVIEWS = YES;
				GENERATE_INFOPLIST_FILE = YES;
				INFOPLIST_KEY_UIApplicationSceneManifest_Generation = YES;
				INFOPLIST_KEY_UIApplicationSupportsIndirectInputEvents = YES;
				INFOPLIST_KEY_UILaunchScreen_Generation = YES;
				INFOPLIST_KEY_UISupportedInterfaceOrientations_iPad = "UIInterfaceOrientationPortrait UIInterfaceOrientationPortraitUpsideDown UIInterfaceOrientationLandscapeLeft UIInterfaceOrientationLandscapeRight";
				INFOPLIST_KEY_UISupportedInterfaceOrientations_iPhone = "UIInterfaceOrientationPortrait UIInterfaceOrientationLandscapeLeft UIInterfaceOrientationLandscapeRight";
				LD_RUNPATH_SEARCH_PATHS = (
					"$(inherited)",
					"@executable_path/Frameworks",
				);
				MARKETING_VERSION = 1.0;
				PRODUCT_BUNDLE_IDENTIFIER = com.vergaraaa.FirebaseAppleSignIn;
				PRODUCT_NAME = "$(TARGET_NAME)";
				SWIFT_EMIT_LOC_STRINGS = YES;
				SWIFT_VERSION = 5.0;
				TARGETED_DEVICE_FAMILY = "1,2";
			};
			name = Debug;
		};
		F0E5A00F2BE22C2900E9A3CE /* Release */ = {
			isa = XCBuildConfiguration;
			buildSettings = {
				ASSETCATALOG_COMPILER_APPICON_NAME = AppIcon;
				ASSETCATALOG_COMPILER_GLOBAL_ACCENT_COLOR_NAME = AccentColor;
				CODE_SIGN_ENTITLEMENTS = FirebaseAppleSignIn/FirebaseAppleSignIn.entitlements;
				CODE_SIGN_STYLE = Automatic;
				CURRENT_PROJECT_VERSION = 1;
				DEVELOPMENT_ASSET_PATHS = "\"FirebaseAppleSignIn/Preview Content\"";
				DEVELOPMENT_TEAM = 8Z9KCUYRJ4;
				ENABLE_PREVIEWS = YES;
				GENERATE_INFOPLIST_FILE = YES;
				INFOPLIST_KEY_UIApplicationSceneManifest_Generation = YES;
				INFOPLIST_KEY_UIApplicationSupportsIndirectInputEvents = YES;
				INFOPLIST_KEY_UILaunchScreen_Generation = YES;
				INFOPLIST_KEY_UISupportedInterfaceOrientations_iPad = "UIInterfaceOrientationPortrait UIInterfaceOrientationPortraitUpsideDown UIInterfaceOrientationLandscapeLeft UIInterfaceOrientationLandscapeRight";
				INFOPLIST_KEY_UISupportedInterfaceOrientations_iPhone = "UIInterfaceOrientationPortrait UIInterfaceOrientationLandscapeLeft UIInterfaceOrientationLandscapeRight";
				LD_RUNPATH_SEARCH_PATHS = (
					"$(inherited)",
					"@executable_path/Frameworks",
				);
				MARKETING_VERSION = 1.0;
				PRODUCT_BUNDLE_IDENTIFIER = com.vergaraaa.FirebaseAppleSignIn;
				PRODUCT_NAME = "$(TARGET_NAME)";
				SWIFT_EMIT_LOC_STRINGS = YES;
				SWIFT_VERSION = 5.0;
				TARGETED_DEVICE_FAMILY = "1,2";
			};
			name = Release;
		};
/* End XCBuildConfiguration section */

/* Begin XCConfigurationList section */
		F0E59FFA2BE22C2900E9A3CE /* Build configuration list for PBXProject "FirebaseAppleSignIn" */ = {
			isa = XCConfigurationList;
			buildConfigurations = (
				F0E5A00B2BE22C2900E9A3CE /* Debug */,
				F0E5A00C2BE22C2900E9A3CE /* Release */,
			);
			defaultConfigurationIsVisible = 0;
			defaultConfigurationName = Release;
		};
		F0E5A00D2BE22C2900E9A3CE /* Build configuration list for PBXNativeTarget "FirebaseAppleSignIn" */ = {
			isa = XCConfigurationList;
			buildConfigurations = (
				F0E5A00E2BE22C2900E9A3CE /* Debug */,
				F0E5A00F2BE22C2900E9A3CE /* Release */,
			);
			defaultConfigurationIsVisible = 0;
			defaultConfigurationName = Release;
		};
/* End XCConfigurationList section */

/* Begin XCRemoteSwiftPackageReference section */
		F0E5A0102BE22C9300E9A3CE /* XCRemoteSwiftPackageReference "firebase-ios-sdk" */ = {
			isa = XCRemoteSwiftPackageReference;
			repositoryURL = "https://github.com/firebase/firebase-ios-sdk";
			requirement = {
				kind = upToNextMajorVersion;
				minimumVersion = 10.25.0;
			};
		};
/* End XCRemoteSwiftPackageReference section */

/* Begin XCSwiftPackageProductDependency section */
		F08714E42BE2372F0049067C /* FirebaseAnalytics */ = {
			isa = XCSwiftPackageProductDependency;
			package = F0E5A0102BE22C9300E9A3CE /* XCRemoteSwiftPackageReference "firebase-ios-sdk" */;
			productName = FirebaseAnalytics;
		};
		F08714E62BE2372F0049067C /* FirebaseAnalyticsOnDeviceConversion */ = {
			isa = XCSwiftPackageProductDependency;
			package = F0E5A0102BE22C9300E9A3CE /* XCRemoteSwiftPackageReference "firebase-ios-sdk" */;
			productName = FirebaseAnalyticsOnDeviceConversion;
		};
		F08714E82BE2372F0049067C /* FirebaseAnalyticsSwift */ = {
			isa = XCSwiftPackageProductDependency;
			package = F0E5A0102BE22C9300E9A3CE /* XCRemoteSwiftPackageReference "firebase-ios-sdk" */;
			productName = FirebaseAnalyticsSwift;
		};
		F08714EA2BE2372F0049067C /* FirebaseAnalyticsWithoutAdIdSupport */ = {
			isa = XCSwiftPackageProductDependency;
			package = F0E5A0102BE22C9300E9A3CE /* XCRemoteSwiftPackageReference "firebase-ios-sdk" */;
			productName = FirebaseAnalyticsWithoutAdIdSupport;
		};
		F08714EC2BE2372F0049067C /* FirebaseAppCheck */ = {
			isa = XCSwiftPackageProductDependency;
			package = F0E5A0102BE22C9300E9A3CE /* XCRemoteSwiftPackageReference "firebase-ios-sdk" */;
			productName = FirebaseAppCheck;
		};
		F08714EE2BE2372F0049067C /* FirebaseAppDistribution-Beta */ = {
			isa = XCSwiftPackageProductDependency;
			package = F0E5A0102BE22C9300E9A3CE /* XCRemoteSwiftPackageReference "firebase-ios-sdk" */;
			productName = "FirebaseAppDistribution-Beta";
		};
		F08714F02BE2372F0049067C /* FirebaseAuth */ = {
			isa = XCSwiftPackageProductDependency;
			package = F0E5A0102BE22C9300E9A3CE /* XCRemoteSwiftPackageReference "firebase-ios-sdk" */;
			productName = FirebaseAuth;
		};
		F08714F22BE2372F0049067C /* FirebaseAuthCombine-Community */ = {
			isa = XCSwiftPackageProductDependency;
			package = F0E5A0102BE22C9300E9A3CE /* XCRemoteSwiftPackageReference "firebase-ios-sdk" */;
			productName = "FirebaseAuthCombine-Community";
		};
		F08714F42BE2372F0049067C /* FirebaseCrashlytics */ = {
			isa = XCSwiftPackageProductDependency;
			package = F0E5A0102BE22C9300E9A3CE /* XCRemoteSwiftPackageReference "firebase-ios-sdk" */;
			productName = FirebaseCrashlytics;
		};
		F08714F62BE2372F0049067C /* FirebaseDatabase */ = {
			isa = XCSwiftPackageProductDependency;
			package = F0E5A0102BE22C9300E9A3CE /* XCRemoteSwiftPackageReference "firebase-ios-sdk" */;
			productName = FirebaseDatabase;
		};
		F08714F82BE2372F0049067C /* FirebaseDatabaseSwift */ = {
			isa = XCSwiftPackageProductDependency;
			package = F0E5A0102BE22C9300E9A3CE /* XCRemoteSwiftPackageReference "firebase-ios-sdk" */;
			productName = FirebaseDatabaseSwift;
		};
		F0E5A0112BE22C9300E9A3CE /* FirebaseAnalytics */ = {
			isa = XCSwiftPackageProductDependency;
			package = F0E5A0102BE22C9300E9A3CE /* XCRemoteSwiftPackageReference "firebase-ios-sdk" */;
			productName = FirebaseAnalytics;
		};
		F0E5A0132BE22C9300E9A3CE /* FirebaseAnalyticsOnDeviceConversion */ = {
			isa = XCSwiftPackageProductDependency;
			package = F0E5A0102BE22C9300E9A3CE /* XCRemoteSwiftPackageReference "firebase-ios-sdk" */;
			productName = FirebaseAnalyticsOnDeviceConversion;
		};
		F0E5A0152BE22C9300E9A3CE /* FirebaseAnalyticsSwift */ = {
			isa = XCSwiftPackageProductDependency;
			package = F0E5A0102BE22C9300E9A3CE /* XCRemoteSwiftPackageReference "firebase-ios-sdk" */;
			productName = FirebaseAnalyticsSwift;
		};
		F0E5A0172BE22C9300E9A3CE /* FirebaseAnalyticsWithoutAdIdSupport */ = {
			isa = XCSwiftPackageProductDependency;
			package = F0E5A0102BE22C9300E9A3CE /* XCRemoteSwiftPackageReference "firebase-ios-sdk" */;
			productName = FirebaseAnalyticsWithoutAdIdSupport;
		};
		F0E5A0192BE22C9300E9A3CE /* FirebaseAppCheck */ = {
			isa = XCSwiftPackageProductDependency;
			package = F0E5A0102BE22C9300E9A3CE /* XCRemoteSwiftPackageReference "firebase-ios-sdk" */;
			productName = FirebaseAppCheck;
		};
/* End XCSwiftPackageProductDependency section */
	};
	rootObject = F0E59FF72BE22C2900E9A3CE /* Project object */;
}
